
Microsoft Visual Studio Solution File, Format Version 12.00
# Visual Studio Version 16
VisualStudioVersion = 16.0.33027.164
MinimumVisualStudioVersion = 10.0.40219.1
Project("{FAE04EC0-301F-11D3-BF4B-00C04F79EFBC}") = "buk_lighthous_erp", "buk_lighthous_erp\buk_lighthous_erp.csproj", "{74973356-1CEB-4186-AE4D-F0451D74F756}"
EndProject
Global
	GlobalSection(SolutionConfigurationPlatforms) = preSolution
		Debug|Any CPU = Debug|Any CPU
		Release|Any CPU = Release|Any CPU
	EndGlobalSection
	GlobalSection(ProjectConfigurationPlatforms) = postSolution
		{74973356-1CEB-4186-AE4D-F0451D74F756}.Debug|Any CPU.ActiveCfg = Debug|Any CPU
		{74973356-1CEB-4186-AE4D-F0451D74F756}.Debug|Any CPU.Build.0 = Debug|Any CPU
		{74973356-1CEB-4186-AE4D-F0451D74F756}.Release|Any CPU.ActiveCfg = Release|Any CPU
		{74973356-1CEB-4186-AE4D-F0451D74F756}.Release|Any CPU.Build.0 = Release|Any CPU
	EndGlobalSection
	GlobalSection(SolutionProperties) = preSolution
		HideSolutionNode = FALSE
	EndGlobalSection
	GlobalSection(ExtensibilityGlobals) = postSolution
		SolutionGuid = {1FBBE2B0-741F-407A-A698-E1467D537D74}
	EndGlobalSection
EndGlobal
